<?xml version="1.0" encoding="utf-8"?>
<Project ToolsVersion="4.0" xmlns="http://schemas.microsoft.com/developer/msbuild/2003">
  <ItemGroup>
    <ClCompile Include="Apple.cpp" />
    <ClCompile Include="Bomb.cpp" />
    <ClCompile Include="position.cpp" />
    <ClCompile Include="Snake.cpp" />
    <ClCompile Include="Sprite.cpp" />
    <ClCompile Include="InputHandler.cpp" />
    <ClCompile Include="main.cpp" />
    <ClCompile Include="Renderer.cpp" />
    <ClCompile Include="stdafx.cpp" />
    <ClCompile Include="Stone.cpp" />
    <ClCompile Include="Text.cpp" />
    <ClCompile Include="World.cpp" />
    <ClCompile Include="AnimatedSprite.cpp" />
    <ClCompile Include="TextureManager.cpp" />
    <ClCompile Include="Apple.cpp" />
    <ClCompile Include="Bomb.cpp" />
    <ClCompile Include="position.cpp" />
    <ClCompile Include="Snake.cpp" />
    <ClCompile Include="Sprite.cpp" />
    <ClCompile Include="InputHandler.cpp" />
    <ClCompile Include="main.cpp" />
    <ClCompile Include="Renderer.cpp" />
    <ClCompile Include="stdafx.cpp" />
    <ClCompile Include="Stone.cpp" />
    <ClCompile Include="Text.cpp" />
    <ClCompile Include="World.cpp" />
    <ClCompile Include="Apple.cpp" />
    <ClCompile Include="Bomb.cpp" />
    <ClCompile Include="position.cpp" />
    <ClCompile Include="Snake.cpp" />
    <ClCompile Include="Sprite.cpp" />
    <ClCompile Include="InputHandler.cpp" />
    <ClCompile Include="main.cpp" />
    <ClCompile Include="Renderer.cpp" />
    <ClCompile Include="stdafx.cpp" />
    <ClCompile Include="Stone.cpp" />
    <ClCompile Include="Text.cpp" />
    <ClCompile Include="World.cpp" />
    <ClCompile Include="Timer.cpp" />
  </ItemGroup>
  <ItemGroup>
    <ClInclude Include="Apple.h" />
    <ClInclude Include="Bomb.h" />
    <ClInclude Include="position.h" />
    <ClInclude Include="Snake.h" />
    <ClInclude Include="Sprite.h" />
    <ClInclude Include="Drawable.h" />
    <ClInclude Include="InputHandler.h" />
    <ClInclude Include="Renderer.h" />
    <ClInclude Include="stdafx.h" />
    <ClInclude Include="Stone.h" />
    <ClInclude Include="targetver.h" />
    <ClInclude Include="Text.h" />
    <ClInclude Include="World.h" />
    <ClInclude Include="Timer.h" />
    <ClInclude Include="Text.h" />
    <ClInclude Include="World.h" />
    <ClInclude Include="Text.h" />
    <ClInclude Include="World.h" />
    <ClInclude Include="AnimatedSprite.h" />
    <ClInclude Include="TextureManager.h" />
  </ItemGroup>
  <ItemGroup>
    <None Include="packages.config" />
  </ItemGroup>
  <ItemGroup>
    <Text Include="inputfile.txt" />
  </ItemGroup>
  <ItemGroup>
    <Image Include="..\..\..\..\Desktop\Stone.jpg" />
    <Image Include="..\..\..\..\Desktop\fondo.jpg" />
    <Image Include="img\Stone.jpg">
      <Filter>img</Filter>
    </Image>
    <Image Include="img\fondo.jpg">
      <Filter>img</Filter>
    </Image>
    <Image Include="img\fire-animation-2.png">
      <Filter>img</Filter>
    </Image>
    <Image Include="img\fire-animation-1.png">
      <Filter>img</Filter>
    </Image>
    <Image Include="img\fighter-02.png">
      <Filter>img</Filter>
    </Image>
    <Image Include="img\fighter-01.png">
      <Filter>img</Filter>
    </Image>
    <Image Include="img\bomb.png">
      <Filter>img</Filter>
    </Image>
    <Image Include="img\alien-02.png">
      <Filter>img</Filter>
    </Image>
    <Image Include="img\alien-01.png">
      <Filter>img</Filter>
    </Image>
    <Image Include="img\Stone.png">
      <Filter>img</Filter>
    </Image>
  </ItemGroup>
  <ItemGroup>
    <Filter Include="img">
      <UniqueIdentifier>{2b40e714-bf0d-4dcd-ad37-f65be339a00d}</UniqueIdentifier>
    </Filter>
  </ItemGroup>
</Project>